
Microsoft Visual Studio Solution File, Format Version 12.00
# Visual Studio Version 16
VisualStudioVersion = 16.0.30204.135
MinimumVisualStudioVersion = 10.0.40219.1
Project("{FAE04EC0-301F-11D3-BF4B-00C04F79EFBC}") = "OfficeAuthomation.Presentation", "OfficeAuthomation.Presentation\OfficeAuthomation.Presentation.csproj", "{1FB458A8-BB9E-46B8-939D-5488E05A2E10}"
EndProject
Project("{2150E333-8FDC-42A3-9474-1A3956D46DE8}") = "01-Presentation", "01-Presentation", "{784F7556-6E87-4F71-912B-134140F1938D}"
EndProject
Project("{2150E333-8FDC-42A3-9474-1A3956D46DE8}") = "Src", "Src", "{26F59D47-5088-4E21-B560-FBB1E6C9A43B}"
EndProject
Project("{2150E333-8FDC-42A3-9474-1A3956D46DE8}") = "Test", "Test", "{D36255C6-C34B-42F2-87EA-0A9BC994EA05}"
EndProject
Project("{2150E333-8FDC-42A3-9474-1A3956D46DE8}") = "02-DataAccess", "02-DataAccess", "{74204315-693C-4FE3-ADC9-0017C90F1BF0}"
EndProject
Project("{2150E333-8FDC-42A3-9474-1A3956D46DE8}") = "03-Services", "03-Services", "{6191FAC7-12BB-43BA-9311-3A88AEF59D8D}"
EndProject
Project("{2150E333-8FDC-42A3-9474-1A3956D46DE8}") = "04-Domains", "04-Domains", "{3D796F6C-6B68-496B-9EC0-DEE5412EEC79}"
EndProject
Project("{FAE04EC0-301F-11D3-BF4B-00C04F79EFBC}") = "OfficeAuthomation.DataAccessCommands", "DataAccessCommand\OfficeAuthomation.DataAccessCommands.csproj", "{4F891DE5-F966-4B3C-9EEB-4AB5C39AB02A}"
EndProject
Project("{FAE04EC0-301F-11D3-BF4B-00C04F79EFBC}") = "OfficeAuthomation.DataAccessQueries", "DataAccessQuery\OfficeAuthomation.DataAccessQueries.csproj", "{199BA6E2-3F6C-41A2-BD2B-DFD82AAB193C}"
EndProject
Project("{FAE04EC0-301F-11D3-BF4B-00C04F79EFBC}") = "OfficeAuthomation.Servicess", "OfficeAuthomation.Servicess\OfficeAuthomation.Servicess.csproj", "{335A4CE9-A62E-4D0B-9ABD-EE94834E4518}"
EndProject
Project("{FAE04EC0-301F-11D3-BF4B-00C04F79EFBC}") = "OfficeAuthomation.Domains", "OfficeAuthomation.Domains\OfficeAuthomation.Domains.csproj", "{9A3F75AE-C6F3-4A28-B224-12C04FA3B783}"
EndProject
Project("{2150E333-8FDC-42A3-9474-1A3956D46DE8}") = "01-TestPresentation", "01-TestPresentation", "{1C4A1F09-5098-4A76-BA07-1CC7A4C305EF}"
EndProject
Project("{2150E333-8FDC-42A3-9474-1A3956D46DE8}") = "02-TestDataAccess", "02-TestDataAccess", "{BF67C404-CD54-4333-9196-9E41B9C43DE3}"
EndProject
Project("{2150E333-8FDC-42A3-9474-1A3956D46DE8}") = "03-TestServices", "03-TestServices", "{2F9F5290-D5E9-475E-AF7D-A4AFA72F5C68}"
EndProject
Project("{2150E333-8FDC-42A3-9474-1A3956D46DE8}") = "04-TestDomains", "04-TestDomains", "{9F76F699-B6EB-4333-9D8B-8D54F05BD0FC}"
EndProject
Project("{FAE04EC0-301F-11D3-BF4B-00C04F79EFBC}") = "OfficeAuthomation.TestPresentation", "OfficeAuthomation.TestPresentation\OfficeAuthomation.TestPresentation.csproj", "{2367EC4F-4096-43C6-B11B-5F3D68047949}"
EndProject
Project("{FAE04EC0-301F-11D3-BF4B-00C04F79EFBC}") = "OfficeAuthomation.TestDataAccessCommands", "OfficeAuthomation.TestDataAccessCommands\OfficeAuthomation.TestDataAccessCommands.csproj", "{6EACFFA4-AD5B-4F47-A514-BD99B3DEC400}"
EndProject
Project("{FAE04EC0-301F-11D3-BF4B-00C04F79EFBC}") = "OfficeAuthomation.TestDataAccessQueries", "OfficeAuthomation.TestDataAccessQueries\OfficeAuthomation.TestDataAccessQueries.csproj", "{7F7B008B-8F60-4B98-9125-4CF2282C9122}"
EndProject
Project("{FAE04EC0-301F-11D3-BF4B-00C04F79EFBC}") = "OfficeAuthomation.TestServicess", "OfficeAuthomation.TestServicess\OfficeAuthomation.TestServicess.csproj", "{39B68FBC-224B-4CC7-957D-4073E62A4A30}"
EndProject
Project("{FAE04EC0-301F-11D3-BF4B-00C04F79EFBC}") = "OfficeAuthomation.TestDomains", "OfficeAuthomation.TestDomains\OfficeAuthomation.TestDomains.csproj", "{8EAFEE0C-8C95-465A-A71B-7A88773307A8}"
EndProject
Global
	GlobalSection(SolutionConfigurationPlatforms) = preSolution
		Debug|Any CPU = Debug|Any CPU
		Release|Any CPU = Release|Any CPU
	EndGlobalSection
	GlobalSection(ProjectConfigurationPlatforms) = postSolution
		{1FB458A8-BB9E-46B8-939D-5488E05A2E10}.Debug|Any CPU.ActiveCfg = Debug|Any CPU
		{1FB458A8-BB9E-46B8-939D-5488E05A2E10}.Debug|Any CPU.Build.0 = Debug|Any CPU
		{1FB458A8-BB9E-46B8-939D-5488E05A2E10}.Release|Any CPU.ActiveCfg = Release|Any CPU
		{1FB458A8-BB9E-46B8-939D-5488E05A2E10}.Release|Any CPU.Build.0 = Release|Any CPU
		{4F891DE5-F966-4B3C-9EEB-4AB5C39AB02A}.Debug|Any CPU.ActiveCfg = Debug|Any CPU
		{4F891DE5-F966-4B3C-9EEB-4AB5C39AB02A}.Debug|Any CPU.Build.0 = Debug|Any CPU
		{4F891DE5-F966-4B3C-9EEB-4AB5C39AB02A}.Release|Any CPU.ActiveCfg = Release|Any CPU
		{4F891DE5-F966-4B3C-9EEB-4AB5C39AB02A}.Release|Any CPU.Build.0 = Release|Any CPU
		{199BA6E2-3F6C-41A2-BD2B-DFD82AAB193C}.Debug|Any CPU.ActiveCfg = Debug|Any CPU
		{199BA6E2-3F6C-41A2-BD2B-DFD82AAB193C}.Debug|Any CPU.Build.0 = Debug|Any CPU
		{199BA6E2-3F6C-41A2-BD2B-DFD82AAB193C}.Release|Any CPU.ActiveCfg = Release|Any CPU
		{199BA6E2-3F6C-41A2-BD2B-DFD82AAB193C}.Release|Any CPU.Build.0 = Release|Any CPU
		{335A4CE9-A62E-4D0B-9ABD-EE94834E4518}.Debug|Any CPU.ActiveCfg = Debug|Any CPU
		{335A4CE9-A62E-4D0B-9ABD-EE94834E4518}.Debug|Any CPU.Build.0 = Debug|Any CPU
		{335A4CE9-A62E-4D0B-9ABD-EE94834E4518}.Release|Any CPU.ActiveCfg = Release|Any CPU
		{335A4CE9-A62E-4D0B-9ABD-EE94834E4518}.Release|Any CPU.Build.0 = Release|Any CPU
		{9A3F75AE-C6F3-4A28-B224-12C04FA3B783}.Debug|Any CPU.ActiveCfg = Debug|Any CPU
		{9A3F75AE-C6F3-4A28-B224-12C04FA3B783}.Debug|Any CPU.Build.0 = Debug|Any CPU
		{9A3F75AE-C6F3-4A28-B224-12C04FA3B783}.Release|Any CPU.ActiveCfg = Release|Any CPU
		{9A3F75AE-C6F3-4A28-B224-12C04FA3B783}.Release|Any CPU.Build.0 = Release|Any CPU
		{2367EC4F-4096-43C6-B11B-5F3D68047949}.Debug|Any CPU.ActiveCfg = Debug|Any CPU
		{2367EC4F-4096-43C6-B11B-5F3D68047949}.Debug|Any CPU.Build.0 = Debug|Any CPU
		{2367EC4F-4096-43C6-B11B-5F3D68047949}.Release|Any CPU.ActiveCfg = Release|Any CPU
		{2367EC4F-4096-43C6-B11B-5F3D68047949}.Release|Any CPU.Build.0 = Release|Any CPU
		{6EACFFA4-AD5B-4F47-A514-BD99B3DEC400}.Debug|Any CPU.ActiveCfg = Debug|Any CPU
		{6EACFFA4-AD5B-4F47-A514-BD99B3DEC400}.Debug|Any CPU.Build.0 = Debug|Any CPU
		{6EACFFA4-AD5B-4F47-A514-BD99B3DEC400}.Release|Any CPU.ActiveCfg = Release|Any CPU
		{6EACFFA4-AD5B-4F47-A514-BD99B3DEC400}.Release|Any CPU.Build.0 = Release|Any CPU
		{7F7B008B-8F60-4B98-9125-4CF2282C9122}.Debug|Any CPU.ActiveCfg = Debug|Any CPU
		{7F7B008B-8F60-4B98-9125-4CF2282C9122}.Debug|Any CPU.Build.0 = Debug|Any CPU
		{7F7B008B-8F60-4B98-9125-4CF2282C9122}.Release|Any CPU.ActiveCfg = Release|Any CPU
		{7F7B008B-8F60-4B98-9125-4CF2282C9122}.Release|Any CPU.Build.0 = Release|Any CPU
		{39B68FBC-224B-4CC7-957D-4073E62A4A30}.Debug|Any CPU.ActiveCfg = Debug|Any CPU
		{39B68FBC-224B-4CC7-957D-4073E62A4A30}.Debug|Any CPU.Build.0 = Debug|Any CPU
		{39B68FBC-224B-4CC7-957D-4073E62A4A30}.Release|Any CPU.ActiveCfg = Release|Any CPU
		{39B68FBC-224B-4CC7-957D-4073E62A4A30}.Release|Any CPU.Build.0 = Release|Any CPU
		{8EAFEE0C-8C95-465A-A71B-7A88773307A8}.Debug|Any CPU.ActiveCfg = Debug|Any CPU
		{8EAFEE0C-8C95-465A-A71B-7A88773307A8}.Debug|Any CPU.Build.0 = Debug|Any CPU
		{8EAFEE0C-8C95-465A-A71B-7A88773307A8}.Release|Any CPU.ActiveCfg = Release|Any CPU
		{8EAFEE0C-8C95-465A-A71B-7A88773307A8}.Release|Any CPU.Build.0 = Release|Any CPU
	EndGlobalSection
	GlobalSection(SolutionProperties) = preSolution
		HideSolutionNode = FALSE
	EndGlobalSection
	GlobalSection(NestedProjects) = preSolution
		{1FB458A8-BB9E-46B8-939D-5488E05A2E10} = {784F7556-6E87-4F71-912B-134140F1938D}
		{784F7556-6E87-4F71-912B-134140F1938D} = {26F59D47-5088-4E21-B560-FBB1E6C9A43B}
		{74204315-693C-4FE3-ADC9-0017C90F1BF0} = {26F59D47-5088-4E21-B560-FBB1E6C9A43B}
		{6191FAC7-12BB-43BA-9311-3A88AEF59D8D} = {26F59D47-5088-4E21-B560-FBB1E6C9A43B}
		{3D796F6C-6B68-496B-9EC0-DEE5412EEC79} = {26F59D47-5088-4E21-B560-FBB1E6C9A43B}
		{4F891DE5-F966-4B3C-9EEB-4AB5C39AB02A} = {74204315-693C-4FE3-ADC9-0017C90F1BF0}
		{199BA6E2-3F6C-41A2-BD2B-DFD82AAB193C} = {74204315-693C-4FE3-ADC9-0017C90F1BF0}
		{335A4CE9-A62E-4D0B-9ABD-EE94834E4518} = {6191FAC7-12BB-43BA-9311-3A88AEF59D8D}
		{9A3F75AE-C6F3-4A28-B224-12C04FA3B783} = {3D796F6C-6B68-496B-9EC0-DEE5412EEC79}
		{1C4A1F09-5098-4A76-BA07-1CC7A4C305EF} = {D36255C6-C34B-42F2-87EA-0A9BC994EA05}
		{BF67C404-CD54-4333-9196-9E41B9C43DE3} = {D36255C6-C34B-42F2-87EA-0A9BC994EA05}
		{2F9F5290-D5E9-475E-AF7D-A4AFA72F5C68} = {D36255C6-C34B-42F2-87EA-0A9BC994EA05}
		{9F76F699-B6EB-4333-9D8B-8D54F05BD0FC} = {D36255C6-C34B-42F2-87EA-0A9BC994EA05}
		{2367EC4F-4096-43C6-B11B-5F3D68047949} = {1C4A1F09-5098-4A76-BA07-1CC7A4C305EF}
		{6EACFFA4-AD5B-4F47-A514-BD99B3DEC400} = {BF67C404-CD54-4333-9196-9E41B9C43DE3}
		{7F7B008B-8F60-4B98-9125-4CF2282C9122} = {BF67C404-CD54-4333-9196-9E41B9C43DE3}
		{39B68FBC-224B-4CC7-957D-4073E62A4A30} = {2F9F5290-D5E9-475E-AF7D-A4AFA72F5C68}
		{8EAFEE0C-8C95-465A-A71B-7A88773307A8} = {9F76F699-B6EB-4333-9D8B-8D54F05BD0FC}
	EndGlobalSection
	GlobalSection(ExtensibilityGlobals) = postSolution
		SolutionGuid = {DDDAFADA-EE0B-4700-B874-76A78E0B41C7}
	EndGlobalSection
EndGlobal
